
Microsoft Visual Studio Solution File, Format Version 12.00
# Visual Studio Version 16
VisualStudioVersion = 16.0.30907.101
MinimumVisualStudioVersion = 10.0.40219.1
Project("{2150E333-8FDC-42A3-9474-1A3956D46DE8}") = "CreationalPattern", "CreationalPattern", "{4DB4561D-E7FB-4D95-AA0B-69BA93384B03}"
EndProject
Project("{9A19103F-16F7-4668-BE54-9A1E7A4F7556}") = "LXP.DesignPattern.Singleton", "LXP.DesignPattern.Singleton\LXP.DesignPattern.Singleton.csproj", "{A8C4A509-2BC1-4FB1-9C57-A248EDCF1475}"
EndProject
Project("{9A19103F-16F7-4668-BE54-9A1E7A4F7556}") = "LXP.DesignPattern.SimpleFactory", "LXP.DesignPattern.SimpleFactory\LXP.DesignPattern.SimpleFactory.csproj", "{B7ADC2EA-49F1-4AB5-9388-6121EF4A60DE}"
EndProject
Project("{9A19103F-16F7-4668-BE54-9A1E7A4F7556}") = "LXP.DesignPattern.FactoryMethod", "LXP.DesignPattern.FactoryMethod\LXP.DesignPattern.FactoryMethod.csproj", "{DC565BA1-59A8-410A-9804-8A21A84ED448}"
EndProject
Project("{9A19103F-16F7-4668-BE54-9A1E7A4F7556}") = "LXP.DesignPattern.AbstractFactory", "LXP.DesignPattern.AbstractFactory\LXP.DesignPattern.AbstractFactory.csproj", "{28C968BD-ADEE-492E-B4B7-D3C93C5BBFBF}"
EndProject
Project("{2150E333-8FDC-42A3-9474-1A3956D46DE8}") = "src", "src", "{BC1BA7F2-9033-4EF3-A18D-D5BCB349B76C}"
EndProject
Project("{9A19103F-16F7-4668-BE54-9A1E7A4F7556}") = "LXP.DesignPattern.Prototype", "LXP.DesignPattern.Prototype\LXP.DesignPattern.Prototype.csproj", "{1E9E4FE3-9274-407D-B8E4-A556E71FCDCF}"
EndProject
Project("{9A19103F-16F7-4668-BE54-9A1E7A4F7556}") = "LXP.DesignPattern.Builder", "LXP.DesignPattern.Builder\LXP.DesignPattern.Builder.csproj", "{310423C8-F9AD-4CA7-BB5E-4439761FF8B0}"
EndProject
Project("{2150E333-8FDC-42A3-9474-1A3956D46DE8}") = "StructuralPattern", "StructuralPattern", "{F4523A9E-0CC5-4737-8CB2-7BDC479DE724}"
EndProject
Project("{9A19103F-16F7-4668-BE54-9A1E7A4F7556}") = "LXP.DesignPattern.Adapter", "LXP.DesignPattern.Adapter\LXP.DesignPattern.Adapter.csproj", "{8B02C333-DC35-434C-9222-6EA457AEF37E}"
EndProject
Project("{FAE04EC0-301F-11D3-BF4B-00C04F79EFBC}") = "LXP.DesignPattern.Bridge", "LXP.DesignPattern.Bridge\LXP.DesignPattern.Bridge.csproj", "{C440B26E-EF78-4C0E-AD6E-AF776AB7944A}"
EndProject
Global
	GlobalSection(SolutionConfigurationPlatforms) = preSolution
		Debug|Any CPU = Debug|Any CPU
		Release|Any CPU = Release|Any CPU
	EndGlobalSection
	GlobalSection(ProjectConfigurationPlatforms) = postSolution
		{A8C4A509-2BC1-4FB1-9C57-A248EDCF1475}.Debug|Any CPU.ActiveCfg = Debug|Any CPU
		{A8C4A509-2BC1-4FB1-9C57-A248EDCF1475}.Debug|Any CPU.Build.0 = Debug|Any CPU
		{A8C4A509-2BC1-4FB1-9C57-A248EDCF1475}.Release|Any CPU.ActiveCfg = Release|Any CPU
		{A8C4A509-2BC1-4FB1-9C57-A248EDCF1475}.Release|Any CPU.Build.0 = Release|Any CPU
		{B7ADC2EA-49F1-4AB5-9388-6121EF4A60DE}.Debug|Any CPU.ActiveCfg = Debug|Any CPU
		{B7ADC2EA-49F1-4AB5-9388-6121EF4A60DE}.Debug|Any CPU.Build.0 = Debug|Any CPU
		{B7ADC2EA-49F1-4AB5-9388-6121EF4A60DE}.Release|Any CPU.ActiveCfg = Release|Any CPU
		{B7ADC2EA-49F1-4AB5-9388-6121EF4A60DE}.Release|Any CPU.Build.0 = Release|Any CPU
		{DC565BA1-59A8-410A-9804-8A21A84ED448}.Debug|Any CPU.ActiveCfg = Debug|Any CPU
		{DC565BA1-59A8-410A-9804-8A21A84ED448}.Debug|Any CPU.Build.0 = Debug|Any CPU
		{DC565BA1-59A8-410A-9804-8A21A84ED448}.Release|Any CPU.ActiveCfg = Release|Any CPU
		{DC565BA1-59A8-410A-9804-8A21A84ED448}.Release|Any CPU.Build.0 = Release|Any CPU
		{28C968BD-ADEE-492E-B4B7-D3C93C5BBFBF}.Debug|Any CPU.ActiveCfg = Debug|Any CPU
		{28C968BD-ADEE-492E-B4B7-D3C93C5BBFBF}.Debug|Any CPU.Build.0 = Debug|Any CPU
		{28C968BD-ADEE-492E-B4B7-D3C93C5BBFBF}.Release|Any CPU.ActiveCfg = Release|Any CPU
		{28C968BD-ADEE-492E-B4B7-D3C93C5BBFBF}.Release|Any CPU.Build.0 = Release|Any CPU
		{1E9E4FE3-9274-407D-B8E4-A556E71FCDCF}.Debug|Any CPU.ActiveCfg = Debug|Any CPU
		{1E9E4FE3-9274-407D-B8E4-A556E71FCDCF}.Debug|Any CPU.Build.0 = Debug|Any CPU
		{1E9E4FE3-9274-407D-B8E4-A556E71FCDCF}.Release|Any CPU.ActiveCfg = Release|Any CPU
		{1E9E4FE3-9274-407D-B8E4-A556E71FCDCF}.Release|Any CPU.Build.0 = Release|Any CPU
		{310423C8-F9AD-4CA7-BB5E-4439761FF8B0}.Debug|Any CPU.ActiveCfg = Debug|Any CPU
		{310423C8-F9AD-4CA7-BB5E-4439761FF8B0}.Debug|Any CPU.Build.0 = Debug|Any CPU
		{310423C8-F9AD-4CA7-BB5E-4439761FF8B0}.Release|Any CPU.ActiveCfg = Release|Any CPU
		{310423C8-F9AD-4CA7-BB5E-4439761FF8B0}.Release|Any CPU.Build.0 = Release|Any CPU
		{8B02C333-DC35-434C-9222-6EA457AEF37E}.Debug|Any CPU.ActiveCfg = Debug|Any CPU
		{8B02C333-DC35-434C-9222-6EA457AEF37E}.Debug|Any CPU.Build.0 = Debug|Any CPU
		{8B02C333-DC35-434C-9222-6EA457AEF37E}.Release|Any CPU.ActiveCfg = Release|Any CPU
		{8B02C333-DC35-434C-9222-6EA457AEF37E}.Release|Any CPU.Build.0 = Release|Any CPU
		{C440B26E-EF78-4C0E-AD6E-AF776AB7944A}.Debug|Any CPU.ActiveCfg = Debug|Any CPU
		{C440B26E-EF78-4C0E-AD6E-AF776AB7944A}.Debug|Any CPU.Build.0 = Debug|Any CPU
		{C440B26E-EF78-4C0E-AD6E-AF776AB7944A}.Release|Any CPU.ActiveCfg = Release|Any CPU
		{C440B26E-EF78-4C0E-AD6E-AF776AB7944A}.Release|Any CPU.Build.0 = Release|Any CPU
	EndGlobalSection
	GlobalSection(SolutionProperties) = preSolution
		HideSolutionNode = FALSE
	EndGlobalSection
	GlobalSection(NestedProjects) = preSolution
		{4DB4561D-E7FB-4D95-AA0B-69BA93384B03} = {BC1BA7F2-9033-4EF3-A18D-D5BCB349B76C}
		{A8C4A509-2BC1-4FB1-9C57-A248EDCF1475} = {4DB4561D-E7FB-4D95-AA0B-69BA93384B03}
		{B7ADC2EA-49F1-4AB5-9388-6121EF4A60DE} = {4DB4561D-E7FB-4D95-AA0B-69BA93384B03}
		{DC565BA1-59A8-410A-9804-8A21A84ED448} = {4DB4561D-E7FB-4D95-AA0B-69BA93384B03}
		{28C968BD-ADEE-492E-B4B7-D3C93C5BBFBF} = {4DB4561D-E7FB-4D95-AA0B-69BA93384B03}
		{1E9E4FE3-9274-407D-B8E4-A556E71FCDCF} = {4DB4561D-E7FB-4D95-AA0B-69BA93384B03}
		{310423C8-F9AD-4CA7-BB5E-4439761FF8B0} = {4DB4561D-E7FB-4D95-AA0B-69BA93384B03}
		{F4523A9E-0CC5-4737-8CB2-7BDC479DE724} = {BC1BA7F2-9033-4EF3-A18D-D5BCB349B76C}
		{8B02C333-DC35-434C-9222-6EA457AEF37E} = {F4523A9E-0CC5-4737-8CB2-7BDC479DE724}
		{C440B26E-EF78-4C0E-AD6E-AF776AB7944A} = {F4523A9E-0CC5-4737-8CB2-7BDC479DE724}
	EndGlobalSection
	GlobalSection(ExtensibilityGlobals) = postSolution
		SolutionGuid = {12AFA475-0B61-4995-A5A7-36D279AFE3D5}
	EndGlobalSection
EndGlobal
